<?xml version="1.0" encoding="utf-8"?>
<Project ToolsVersion="4.0" xmlns="http://schemas.microsoft.com/developer/msbuild/2003">
  <ItemGroup>
    <None Include="path.cfg" />
    <None Include="Graphics\ShaderInc.h">
      <Filter>Graphics</Filter>
    </None>
    <None Include="..\..\..\bgfx\src\bgfx.cpp">
      <Filter>ThirdParty</Filter>
    </None>
    <None Include="..\..\..\bgfx\src\glcontext_egl.cpp">
      <Filter>ThirdParty</Filter>
    </None>
    <None Include="..\..\..\bgfx\src\glcontext_glx.cpp">
      <Filter>ThirdParty</Filter>
    </None>
    <None Include="..\..\..\bgfx\src\glcontext_ppapi.cpp">
      <Filter>ThirdParty</Filter>
    </None>
    <None Include="..\..\..\bgfx\src\glcontext_wgl.cpp">
      <Filter>ThirdParty</Filter>
    </None>
    <None Include="..\..\..\bgfx\src\image.cpp">
      <Filter>ThirdParty</Filter>
    </None>
    <None Include="..\..\..\bgfx\src\ovr.cpp">
      <Filter>ThirdParty</Filter>
    </None>
    <None Include="..\..\..\bgfx\src\renderdoc.cpp">
      <Filter>ThirdParty</Filter>
    </None>
    <None Include="..\..\..\bgfx\src\renderer_d3d9.cpp">
      <Filter>ThirdParty</Filter>
    </None>
    <None Include="..\..\..\bgfx\src\renderer_d3d11.cpp">
      <Filter>ThirdParty</Filter>
    </None>
    <None Include="..\..\..\bgfx\src\renderer_d3d12.cpp">
      <Filter>ThirdParty</Filter>
    </None>
    <None Include="..\..\..\bgfx\src\renderer_gl.cpp">
      <Filter>ThirdParty</Filter>
    </None>
    <None Include="..\..\..\bgfx\src\renderer_null.cpp">
      <Filter>ThirdParty</Filter>
    </None>
    <None Include="..\..\..\bgfx\src\vertexdecl.cpp">
      <Filter>ThirdParty</Filter>
    </None>
  </ItemGroup>
  <ItemGroup>
    <Filter Include="Core">
      <UniqueIdentifier>{c6f82033-9040-43e2-853e-d4952be7589a}</UniqueIdentifier>
    </Filter>
    <Filter Include="Physics">
      <UniqueIdentifier>{5582a54b-fca5-4405-a6cb-b5793d2f6803}</UniqueIdentifier>
    </Filter>
    <Filter Include="Animation">
      <UniqueIdentifier>{0745dd0b-7569-43e4-a125-930b43dfa2ec}</UniqueIdentifier>
    </Filter>
    <Filter Include="Graphics">
      <UniqueIdentifier>{29acb58c-4fed-42ae-98ac-25dac00ba422}</UniqueIdentifier>
    </Filter>
    <Filter Include="Audio">
      <UniqueIdentifier>{0fe34359-73e6-401b-ba83-6084ccad6174}</UniqueIdentifier>
    </Filter>
    <Filter Include="Engine">
      <UniqueIdentifier>{07943436-c1c3-49aa-9899-b69521009aa8}</UniqueIdentifier>
    </Filter>
    <Filter Include="ThirdParty">
      <UniqueIdentifier>{a598df45-1bd9-4f5c-93f9-98eca7b6d45d}</UniqueIdentifier>
    </Filter>
    <Filter Include="Input">
      <UniqueIdentifier>{afcb3359-6821-4060-b941-db617744aba1}</UniqueIdentifier>
    </Filter>
    <Filter Include="Network">
      <UniqueIdentifier>{089c8644-62fc-41ac-9ec0-b326a6abd98f}</UniqueIdentifier>
    </Filter>
    <Filter Include="Core\memory">
      <UniqueIdentifier>{2809e10d-2957-47f0-8c4e-eb935ca48f36}</UniqueIdentifier>
    </Filter>
    <Filter Include="AI">
      <UniqueIdentifier>{7cf7d848-f780-4a99-8ab8-27036b428c02}</UniqueIdentifier>
    </Filter>
  </ItemGroup>
  <ItemGroup>
    <ClCompile Include="Core\Log.cpp">
      <Filter>Core</Filter>
    </ClCompile>
    <ClCompile Include="Core\Thread.cpp">
      <Filter>Core</Filter>
    </ClCompile>
    <ClCompile Include="Core\StringId.cpp">
      <Filter>Core</Filter>
    </ClCompile>
    <ClCompile Include="Core\MathDefs.cpp">
      <Filter>Core</Filter>
    </ClCompile>
    <ClCompile Include="Physics\PhysicsAutoLock.cpp">
      <Filter>Physics</Filter>
    </ClCompile>
    <ClCompile Include="Animation\AnimationSystem.cpp">
      <Filter>Animation</Filter>
    </ClCompile>
    <ClCompile Include="Input\XBoxInput.cpp">
      <Filter>Input</Filter>
    </ClCompile>
    <ClCompile Include="Animation\Animation.cpp">
      <Filter>Animation</Filter>
    </ClCompile>
    <ClCompile Include="Physics\PhysicsInstance.cpp">
      <Filter>Physics</Filter>
    </ClCompile>
    <ClCompile Include="Animation\AnimRaycast.cpp">
      <Filter>Animation</Filter>
    </ClCompile>
    <ClCompile Include="Core\Resource.cpp">
      <Filter>Core</Filter>
    </ClCompile>
    <ClCompile Include="Animation\AnimRig.cpp">
      <Filter>Animation</Filter>
    </ClCompile>
    <ClCompile Include="Animation\IK.cpp">
      <Filter>Animation</Filter>
    </ClCompile>
    <ClCompile Include="Animation\Ragdoll.cpp">
      <Filter>Animation</Filter>
    </ClCompile>
    <ClCompile Include="Graphics\Graphics.cpp">
      <Filter>Graphics</Filter>
    </ClCompile>
    <ClCompile Include="Graphics\Material.cpp">
      <Filter>Graphics</Filter>
    </ClCompile>
    <ClCompile Include="Graphics\Mesh.cpp">
      <Filter>Graphics</Filter>
    </ClCompile>
    <ClCompile Include="Graphics\Shader.cpp">
      <Filter>Graphics</Filter>
    </ClCompile>
    <ClCompile Include="Graphics\Texture.cpp">
      <Filter>Graphics</Filter>
    </ClCompile>
    <ClCompile Include="Graphics\Light.cpp">
      <Filter>Graphics</Filter>
    </ClCompile>
    <ClCompile Include="Graphics\Model.cpp">
      <Filter>Graphics</Filter>
    </ClCompile>
    <ClCompile Include="Graphics\Camera.cpp">
      <Filter>Graphics</Filter>
    </ClCompile>
    <ClCompile Include="Graphics\DebugDraw.cpp">
      <Filter>Graphics</Filter>
    </ClCompile>
    <ClCompile Include="Physics\ProxyInstance.cpp">
      <Filter>Physics</Filter>
    </ClCompile>
    <ClCompile Include="Graphics\ShadingEnviroment.cpp">
      <Filter>Graphics</Filter>
    </ClCompile>
    <ClCompile Include="Core\Utils.cpp">
      <Filter>Core</Filter>
    </ClCompile>
    <ClCompile Include="Core\Profiler.cpp">
      <Filter>Core</Filter>
    </ClCompile>
    <ClCompile Include="Engine\DataDef.cpp">
      <Filter>Engine</Filter>
    </ClCompile>
    <ClCompile Include="Engine\Engine.cpp">
      <Filter>Engine</Filter>
    </ClCompile>
    <ClCompile Include="Engine\Level.cpp">
      <Filter>Engine</Filter>
    </ClCompile>
    <ClCompile Include="Engine\Win32Context.cpp">
      <Filter>Engine</Filter>
    </ClCompile>
    <ClCompile Include="Graphics\Gui.cpp">
      <Filter>Graphics</Filter>
    </ClCompile>
    <ClCompile Include="Core\Memory\linear_allocator.cpp">
      <Filter>Core\memory</Filter>
    </ClCompile>
    <ClCompile Include="Core\Memory\memory.cpp">
      <Filter>Core\memory</Filter>
    </ClCompile>
    <ClCompile Include="Core\Memory\pool_allocator.cpp">
      <Filter>Core\memory</Filter>
    </ClCompile>
    <ClCompile Include="Core\Memory\stack_allocator.cpp">
      <Filter>Core\memory</Filter>
    </ClCompile>
    <ClCompile Include="Core\MemorySystem.cpp">
      <Filter>Core</Filter>
    </ClCompile>
    <ClCompile Include="Physics\PhysicsWorld.cpp">
      <Filter>Physics</Filter>
    </ClCompile>
    <ClCompile Include="Core\EngineAssert.cpp">
      <Filter>Core</Filter>
    </ClCompile>
    <ClCompile Include="Engine\Actor.cpp">
      <Filter>Engine</Filter>
    </ClCompile>
    <ClCompile Include="Engine\Movement.cpp">
      <Filter>Engine</Filter>
    </ClCompile>
    <ClCompile Include="Engine\CommandAPI.cpp">
      <Filter>Engine</Filter>
    </ClCompile>
    <ClCompile Include="Engine\GameState.cpp">
      <Filter>Engine</Filter>
    </ClCompile>
  </ItemGroup>
  <ItemGroup>
    <ClInclude Include="Core\Log.h">
      <Filter>Core</Filter>
    </ClInclude>
    <ClInclude Include="Prerequisites.h" />
    <ClInclude Include="Core\MemorySystem.h">
      <Filter>Core</Filter>
    </ClInclude>
    <ClInclude Include="Core\Thread.h">
      <Filter>Core</Filter>
    </ClInclude>
    <ClInclude Include="Core\StringId.h">
      <Filter>Core</Filter>
    </ClInclude>
    <ClInclude Include="Core\MathDefs.h">
      <Filter>Core</Filter>
    </ClInclude>
    <ClInclude Include="Physics\PhysicsWorld.h">
      <Filter>Physics</Filter>
    </ClInclude>
    <ClInclude Include="Physics\PhysicsAutoLock.h">
      <Filter>Physics</Filter>
    </ClInclude>
    <ClInclude Include="Animation\AnimationSystem.h">
      <Filter>Animation</Filter>
    </ClInclude>
    <ClInclude Include="Input\XBoxInput.h">
      <Filter>Input</Filter>
    </ClInclude>
    <ClInclude Include="Animation\Animation.h">
      <Filter>Animation</Filter>
    </ClInclude>
    <ClInclude Include="Physics\PhysicsInstance.h">
      <Filter>Physics</Filter>
    </ClInclude>
    <ClInclude Include="BaseTypes.h" />
    <ClInclude Include="Animation\AnimRaycast.h">
      <Filter>Animation</Filter>
    </ClInclude>
    <ClInclude Include="Core\Resource.h">
      <Filter>Core</Filter>
    </ClInclude>
    <ClInclude Include="Animation\AnimRig.h">
      <Filter>Animation</Filter>
    </ClInclude>
    <ClInclude Include="Animation\IK.h">
      <Filter>Animation</Filter>
    </ClInclude>
    <ClInclude Include="Animation\Ragdoll.h">
      <Filter>Animation</Filter>
    </ClInclude>
    <ClInclude Include="Graphics\Graphics.h">
      <Filter>Graphics</Filter>
    </ClInclude>
    <ClInclude Include="Graphics\Material.h">
      <Filter>Graphics</Filter>
    </ClInclude>
    <ClInclude Include="Graphics\Mesh.h">
      <Filter>Graphics</Filter>
    </ClInclude>
    <ClInclude Include="Graphics\Shader.h">
      <Filter>Graphics</Filter>
    </ClInclude>
    <ClInclude Include="Graphics\Texture.h">
      <Filter>Graphics</Filter>
    </ClInclude>
    <ClInclude Include="Graphics\Light.h">
      <Filter>Graphics</Filter>
    </ClInclude>
    <ClInclude Include="Graphics\Model.h">
      <Filter>Graphics</Filter>
    </ClInclude>
    <ClInclude Include="Graphics\Camera.h">
      <Filter>Graphics</Filter>
    </ClInclude>
    <ClInclude Include="Graphics\DebugDraw.h">
      <Filter>Graphics</Filter>
    </ClInclude>
    <ClInclude Include="Physics\ProxyInstance.h">
      <Filter>Physics</Filter>
    </ClInclude>
    <ClInclude Include="Graphics\droidsans.ttf.h">
      <Filter>Graphics</Filter>
    </ClInclude>
    <ClInclude Include="Graphics\ShadingEnviroment.h">
      <Filter>Graphics</Filter>
    </ClInclude>
    <ClInclude Include="Core\Utils.h">
      <Filter>Core</Filter>
    </ClInclude>
    <ClInclude Include="Core\Profiler.h">
      <Filter>Core</Filter>
    </ClInclude>
    <ClInclude Include="Engine\DataDef.h">
      <Filter>Engine</Filter>
    </ClInclude>
    <ClInclude Include="Engine\Engine.h">
      <Filter>Engine</Filter>
    </ClInclude>
    <ClInclude Include="Engine\Level.h">
      <Filter>Engine</Filter>
    </ClInclude>
    <ClInclude Include="Engine\Win32Context.h">
      <Filter>Engine</Filter>
    </ClInclude>
    <ClInclude Include="Graphics\Gui.h">
      <Filter>Graphics</Filter>
    </ClInclude>
    <ClInclude Include="Core\id_array.h">
      <Filter>Core</Filter>
    </ClInclude>
    <ClInclude Include="Core\id_table.h">
      <Filter>Core</Filter>
    </ClInclude>
    <ClInclude Include="config.h" />
    <ClInclude Include="Core\Memory\allocator.h">
      <Filter>Core\memory</Filter>
    </ClInclude>
    <ClInclude Include="Core\Memory\linear_allocator.h">
      <Filter>Core\memory</Filter>
    </ClInclude>
    <ClInclude Include="Core\Memory\memory.h">
      <Filter>Core\memory</Filter>
    </ClInclude>
    <ClInclude Include="Core\Memory\pool_allocator.h">
      <Filter>Core\memory</Filter>
    </ClInclude>
    <ClInclude Include="Core\Memory\stack_allocator.h">
      <Filter>Core\memory</Filter>
    </ClInclude>
    <ClInclude Include="Core\Memory\temp_allocator.h">
      <Filter>Core\memory</Filter>
    </ClInclude>
    <ClInclude Include="Core\EngineAssert.h">
      <Filter>Core</Filter>
    </ClInclude>
    <ClInclude Include="Engine\Actor.h">
      <Filter>Engine</Filter>
    </ClInclude>
    <ClInclude Include="Animation\AnimControl.h">
      <Filter>Animation</Filter>
    </ClInclude>
    <ClInclude Include="Engine\Movement.h">
      <Filter>Engine</Filter>
    </ClInclude>
    <ClInclude Include="Engine\CommandAPI.h">
      <Filter>Engine</Filter>
    </ClInclude>
    <ClInclude Include="Engine\GameState.h">
      <Filter>Engine</Filter>
    </ClInclude>
  </ItemGroup>
</Project>