<?xml version="1.0" encoding="utf-8"?>
<Project ToolsVersion="4.0" xmlns="http://schemas.microsoft.com/developer/msbuild/2003">
  <ItemGroup>
    <Filter Include="utils">
      <UniqueIdentifier>{965a9e70-e729-4af1-ac38-3409d738820e}</UniqueIdentifier>
    </Filter>
    <Filter Include="compilers">
      <UniqueIdentifier>{a6ae6351-a2ff-42a0-ad78-742f2c036b5f}</UniqueIdentifier>
    </Filter>
  </ItemGroup>
  <ItemGroup>
    <ClInclude Include="stdafx.h" />
    <ClInclude Include="SharedInc.h" />
    <ClInclude Include="..\Shared\CommonUtils.h">
      <Filter>utils</Filter>
    </ClInclude>
    <ClInclude Include="Utils\DC_Utils.h">
      <Filter>utils</Filter>
    </ClInclude>
    <ClInclude Include="Utils\jsmn.h">
      <Filter>utils</Filter>
    </ClInclude>
    <ClInclude Include="Utils\JsonParser.h">
      <Filter>utils</Filter>
    </ClInclude>
    <ClInclude Include="Compilers\ActorCompiler.h">
      <Filter>compilers</Filter>
    </ClInclude>
    <ClInclude Include="Compilers\AnimationCompiler.h">
      <Filter>compilers</Filter>
    </ClInclude>
    <ClInclude Include="Compilers\AnimRigCompiler.h">
      <Filter>compilers</Filter>
    </ClInclude>
    <ClInclude Include="Compilers\BaseCompiler.h">
      <Filter>compilers</Filter>
    </ClInclude>
    <ClInclude Include="Compilers\CopyCompiler.h">
      <Filter>compilers</Filter>
    </ClInclude>
    <ClInclude Include="Compilers\IKCompiler.h">
      <Filter>compilers</Filter>
    </ClInclude>
    <ClInclude Include="Compilers\LevelCompiler.h">
      <Filter>compilers</Filter>
    </ClInclude>
    <ClInclude Include="Compilers\LightCompiler.h">
      <Filter>compilers</Filter>
    </ClInclude>
    <ClInclude Include="Compilers\MaterialCompiler.h">
      <Filter>compilers</Filter>
    </ClInclude>
    <ClInclude Include="Compilers\ModelCompiler.h">
      <Filter>compilers</Filter>
    </ClInclude>
    <ClInclude Include="Compilers\PackageCompiler.h">
      <Filter>compilers</Filter>
    </ClInclude>
    <ClInclude Include="Compilers\PhysicsCompiler.h">
      <Filter>compilers</Filter>
    </ClInclude>
    <ClInclude Include="Compilers\RagdollCompiler.h">
      <Filter>compilers</Filter>
    </ClInclude>
    <ClInclude Include="Compilers\ShaderCompiler.h">
      <Filter>compilers</Filter>
    </ClInclude>
    <ClInclude Include="Compilers\ShadingEnviromentCompiler.h">
      <Filter>compilers</Filter>
    </ClInclude>
    <ClInclude Include="Compilers\TextureCompiler.h">
      <Filter>compilers</Filter>
    </ClInclude>
  </ItemGroup>
  <ItemGroup>
    <ClCompile Include="stdafx.cpp" />
    <ClCompile Include="..\Shared\CommonUtils.cpp">
      <Filter>utils</Filter>
    </ClCompile>
    <ClCompile Include="Utils\DC_Utils.cpp">
      <Filter>utils</Filter>
    </ClCompile>
    <ClCompile Include="Utils\jsmn.cpp">
      <Filter>utils</Filter>
    </ClCompile>
    <ClCompile Include="Utils\JsonParser.cpp">
      <Filter>utils</Filter>
    </ClCompile>
    <ClCompile Include="Compilers\ActorCompiler.cpp">
      <Filter>compilers</Filter>
    </ClCompile>
    <ClCompile Include="Compilers\AnimationCompiler.cpp">
      <Filter>compilers</Filter>
    </ClCompile>
    <ClCompile Include="Compilers\AnimRigCompiler.cpp">
      <Filter>compilers</Filter>
    </ClCompile>
    <ClCompile Include="Compilers\BaseCompiler.cpp">
      <Filter>compilers</Filter>
    </ClCompile>
    <ClCompile Include="Compilers\CopyCompiler.cpp">
      <Filter>compilers</Filter>
    </ClCompile>
    <ClCompile Include="Compilers\IKCompiler.cpp">
      <Filter>compilers</Filter>
    </ClCompile>
    <ClCompile Include="Compilers\LevelCompiler.cpp">
      <Filter>compilers</Filter>
    </ClCompile>
    <ClCompile Include="Compilers\LightCompiler.cpp">
      <Filter>compilers</Filter>
    </ClCompile>
    <ClCompile Include="Compilers\MaterialCompiler.cpp">
      <Filter>compilers</Filter>
    </ClCompile>
    <ClCompile Include="Compilers\ModelCompiler.cpp">
      <Filter>compilers</Filter>
    </ClCompile>
    <ClCompile Include="Compilers\PackageCompiler.cpp">
      <Filter>compilers</Filter>
    </ClCompile>
    <ClCompile Include="Compilers\PhysicsCompiler.cpp">
      <Filter>compilers</Filter>
    </ClCompile>
    <ClCompile Include="Compilers\RagdollCompiler.cpp">
      <Filter>compilers</Filter>
    </ClCompile>
    <ClCompile Include="Compilers\ShaderCompiler.cpp">
      <Filter>compilers</Filter>
    </ClCompile>
    <ClCompile Include="Compilers\ShadingEnviromentCompiler.cpp">
      <Filter>compilers</Filter>
    </ClCompile>
    <ClCompile Include="Compilers\TextureCompiler.cpp">
      <Filter>compilers</Filter>
    </ClCompile>
    <ClCompile Include="main.cpp" />
  </ItemGroup>
  <ItemGroup>
    <None Include="path.cfg" />
  </ItemGroup>
</Project>