<?xml version="1.0" encoding="utf-8"?>
<Project ToolsVersion="4.0" xmlns="http://schemas.microsoft.com/developer/msbuild/2003">
  <ItemGroup>
    <Filter Include="utils">
      <UniqueIdentifier>{965a9e70-e729-4af1-ac38-3409d738820e}</UniqueIdentifier>
    </Filter>
    <Filter Include="compilers">
      <UniqueIdentifier>{a6ae6351-a2ff-42a0-ad78-742f2c036b5f}</UniqueIdentifier>
    </Filter>
  </ItemGroup>
  <ItemGroup>
    <ClInclude Include="AnimationCompiler.h">
      <Filter>compilers</Filter>
    </ClInclude>
    <ClInclude Include="AnimRigCompiler.h">
      <Filter>compilers</Filter>
    </ClInclude>
    <ClInclude Include="BaseCompiler.h">
      <Filter>compilers</Filter>
    </ClInclude>
    <ClInclude Include="DC_Utils.h">
      <Filter>utils</Filter>
    </ClInclude>
    <ClInclude Include="IKCompiler.h">
      <Filter>compilers</Filter>
    </ClInclude>
    <ClInclude Include="LightCompiler.h">
      <Filter>compilers</Filter>
    </ClInclude>
    <ClInclude Include="MaterialCompiler.h">
      <Filter>compilers</Filter>
    </ClInclude>
    <ClInclude Include="PhysicsCompiler.h">
      <Filter>compilers</Filter>
    </ClInclude>
    <ClInclude Include="RagdollCompiler.h">
      <Filter>compilers</Filter>
    </ClInclude>
    <ClInclude Include="ShaderCompiler.h">
      <Filter>compilers</Filter>
    </ClInclude>
    <ClInclude Include="TextureCompiler.h">
      <Filter>compilers</Filter>
    </ClInclude>
    <ClInclude Include="jsmn.h">
      <Filter>utils</Filter>
    </ClInclude>
    <ClInclude Include="JsonParser.h">
      <Filter>utils</Filter>
    </ClInclude>
    <ClInclude Include="stdafx.h" />
    <ClInclude Include="PackageCompiler.h">
      <Filter>compilers</Filter>
    </ClInclude>
    <ClInclude Include="CopyCompiler.h">
      <Filter>compilers</Filter>
    </ClInclude>
    <ClInclude Include="ModelCompiler.h">
      <Filter>compilers</Filter>
    </ClInclude>
    <ClInclude Include="SharedInc.h" />
    <ClInclude Include="ShadingEnviromentCompiler.h">
      <Filter>compilers</Filter>
    </ClInclude>
    <ClInclude Include="AnimFSMCompiler.h">
      <Filter>compilers</Filter>
    </ClInclude>
    <ClInclude Include="LevelCompiler.h">
      <Filter>compilers</Filter>
    </ClInclude>
    <ClInclude Include="..\Shared\CommonUtils.h">
      <Filter>utils</Filter>
    </ClInclude>
    <ClInclude Include="ActorCompiler.h">
      <Filter>compilers</Filter>
    </ClInclude>
  </ItemGroup>
  <ItemGroup>
    <ClCompile Include="AnimationCompiler.cpp">
      <Filter>compilers</Filter>
    </ClCompile>
    <ClCompile Include="AnimRigCompiler.cpp">
      <Filter>compilers</Filter>
    </ClCompile>
    <ClCompile Include="IKCompiler.cpp">
      <Filter>compilers</Filter>
    </ClCompile>
    <ClCompile Include="LightCompiler.cpp">
      <Filter>compilers</Filter>
    </ClCompile>
    <ClCompile Include="MaterialCompiler.cpp">
      <Filter>compilers</Filter>
    </ClCompile>
    <ClCompile Include="PhysicsCompiler.cpp">
      <Filter>compilers</Filter>
    </ClCompile>
    <ClCompile Include="RagdollCompiler.cpp">
      <Filter>compilers</Filter>
    </ClCompile>
    <ClCompile Include="ShaderCompiler.cpp">
      <Filter>compilers</Filter>
    </ClCompile>
    <ClCompile Include="TextureCompiler.cpp">
      <Filter>compilers</Filter>
    </ClCompile>
    <ClCompile Include="DC_Utils.cpp">
      <Filter>utils</Filter>
    </ClCompile>
    <ClCompile Include="jsmn.cpp">
      <Filter>utils</Filter>
    </ClCompile>
    <ClCompile Include="JsonParser.cpp">
      <Filter>utils</Filter>
    </ClCompile>
    <ClCompile Include="stdafx.cpp" />
    <ClCompile Include="PackageCompiler.cpp">
      <Filter>compilers</Filter>
    </ClCompile>
    <ClCompile Include="CopyCompiler.cpp">
      <Filter>compilers</Filter>
    </ClCompile>
    <ClCompile Include="DataCompiler.cpp" />
    <ClCompile Include="ModelCompiler.cpp">
      <Filter>compilers</Filter>
    </ClCompile>
    <ClCompile Include="ShadingEnviromentCompiler.cpp">
      <Filter>compilers</Filter>
    </ClCompile>
    <ClCompile Include="AnimFSMCompiler.cpp">
      <Filter>compilers</Filter>
    </ClCompile>
    <ClCompile Include="LevelCompiler.cpp">
      <Filter>compilers</Filter>
    </ClCompile>
    <ClCompile Include="BaseCompiler.cpp">
      <Filter>compilers</Filter>
    </ClCompile>
    <ClCompile Include="..\Shared\CommonUtils.cpp">
      <Filter>utils</Filter>
    </ClCompile>
    <ClCompile Include="ActorCompiler.cpp">
      <Filter>compilers</Filter>
    </ClCompile>
  </ItemGroup>
  <ItemGroup>
    <None Include="path.cfg" />
  </ItemGroup>
</Project>