<?xml version="1.0" encoding="utf-8"?>
<Project ToolsVersion="4.0" xmlns="http://schemas.microsoft.com/developer/msbuild/2003">
  <ItemGroup>
    <Filter Include="states">
      <UniqueIdentifier>{aa59a4a7-9b8c-46cb-b9cf-a678b22bc0ad}</UniqueIdentifier>
    </Filter>
    <Filter Include="utils">
      <UniqueIdentifier>{ffb1d4ae-7f7d-42e0-bad4-21bee0155380}</UniqueIdentifier>
    </Filter>
  </ItemGroup>
  <ItemGroup>
    <ClInclude Include="PreviewState.h">
      <Filter>states</Filter>
    </ClInclude>
    <ClInclude Include="PlayerState.h">
      <Filter>states</Filter>
    </ClInclude>
    <ClInclude Include="InputController.h">
      <Filter>utils</Filter>
    </ClInclude>
  </ItemGroup>
  <ItemGroup>
    <ClCompile Include="PlayerState.cpp">
      <Filter>states</Filter>
    </ClCompile>
    <ClCompile Include="PreviewState.cpp">
      <Filter>states</Filter>
    </ClCompile>
    <ClCompile Include="InputController.cpp">
      <Filter>utils</Filter>
    </ClCompile>
    <ClCompile Include="HotReload.cpp">
      <Filter>utils</Filter>
    </ClCompile>
    <ClCompile Include="PhysicsTools.cpp">
      <Filter>utils</Filter>
    </ClCompile>
    <ClCompile Include="Game.cpp" />
    <ClCompile Include="stdafx.cpp" />
  </ItemGroup>
  <ItemGroup>
    <None Include="path.cfg" />
  </ItemGroup>
</Project>