<?xml version="1.0" encoding="utf-8"?>
<Project ToolsVersion="4.0" xmlns="http://schemas.microsoft.com/developer/msbuild/2003">
  <ItemGroup>
    <Filter Include="源文件">
      <UniqueIdentifier>{4FC737F1-C7A5-4376-A066-2A32D752A2FF}</UniqueIdentifier>
      <Extensions>cpp;c;cc;cxx;def;odl;idl;hpj;bat;asm;asmx</Extensions>
    </Filter>
    <Filter Include="头文件">
      <UniqueIdentifier>{93995380-89BD-4b04-88EB-625FBE52EBFB}</UniqueIdentifier>
      <Extensions>h;hpp;hxx;hm;inl;inc;xsd</Extensions>
    </Filter>
    <Filter Include="states">
      <UniqueIdentifier>{c6a72405-47e2-460f-ae36-fcca43b54ef6}</UniqueIdentifier>
    </Filter>
  </ItemGroup>
  <ItemGroup>
    <ClInclude Include="Remote.h">
      <Filter>头文件</Filter>
    </ClInclude>
    <ClInclude Include="InputController.h">
      <Filter>头文件</Filter>
    </ClInclude>
    <ClInclude Include="LoadingState.h">
      <Filter>states</Filter>
    </ClInclude>
    <ClInclude Include="RemoteViewerState.h">
      <Filter>states</Filter>
    </ClInclude>
    <ClInclude Include="RenderViewerState.h">
      <Filter>states</Filter>
    </ClInclude>
    <ClInclude Include="TestGameState.h">
      <Filter>states</Filter>
    </ClInclude>
  </ItemGroup>
  <ItemGroup>
    <ClCompile Include="stdafx.cpp">
      <Filter>源文件</Filter>
    </ClCompile>
    <ClCompile Include="Game.cpp">
      <Filter>源文件</Filter>
    </ClCompile>
    <ClCompile Include="InputController.cpp">
      <Filter>源文件</Filter>
    </ClCompile>
    <ClCompile Include="HotReload.cpp">
      <Filter>源文件</Filter>
    </ClCompile>
    <ClCompile Include="RemoteCommands.cpp">
      <Filter>源文件</Filter>
    </ClCompile>
    <ClCompile Include="RemoteViewerState.cpp">
      <Filter>states</Filter>
    </ClCompile>
    <ClCompile Include="RenderViewerState.cpp">
      <Filter>states</Filter>
    </ClCompile>
    <ClCompile Include="TestGameState.cpp">
      <Filter>states</Filter>
    </ClCompile>
    <ClCompile Include="LoadingState.cpp">
      <Filter>states</Filter>
    </ClCompile>
    <ClCompile Include="PhysicsTools.cpp">
      <Filter>源文件</Filter>
    </ClCompile>
  </ItemGroup>
  <ItemGroup>
    <None Include="path.cfg" />
  </ItemGroup>
</Project>