
Microsoft Visual Studio Solution File, Format Version 12.00
# Visual Studio 2012
Project("{8BC9CEB8-8B4A-11D0-8D11-00A0C91BC942}") = "Game", "Game\Game.vcxproj", "{8B87F836-84A4-4442-98E4-D2B17590F3D4}"
EndProject
Project("{8BC9CEB8-8B4A-11D0-8D11-00A0C91BC942}") = "Engine", "Engine\Engine.vcxproj", "{D799C22F-9898-4977-9231-C66DA71FF22E}"
EndProject
Global
	GlobalSection(SolutionConfigurationPlatforms) = preSolution
		Debug|Win32 = Debug|Win32
		Release|Win32 = Release|Win32
	EndGlobalSection
	GlobalSection(ProjectConfigurationPlatforms) = postSolution
		{8B87F836-84A4-4442-98E4-D2B17590F3D4}.Debug|Win32.ActiveCfg = Debug|Win32
		{8B87F836-84A4-4442-98E4-D2B17590F3D4}.Debug|Win32.Build.0 = Debug|Win32
		{8B87F836-84A4-4442-98E4-D2B17590F3D4}.Release|Win32.ActiveCfg = Release|Win32
		{8B87F836-84A4-4442-98E4-D2B17590F3D4}.Release|Win32.Build.0 = Release|Win32
		{D799C22F-9898-4977-9231-C66DA71FF22E}.Debug|Win32.ActiveCfg = Debug|Win32
		{D799C22F-9898-4977-9231-C66DA71FF22E}.Debug|Win32.Build.0 = Debug|Win32
		{D799C22F-9898-4977-9231-C66DA71FF22E}.Release|Win32.ActiveCfg = Release|Win32
		{D799C22F-9898-4977-9231-C66DA71FF22E}.Release|Win32.Build.0 = Release|Win32
	EndGlobalSection
	GlobalSection(SolutionProperties) = preSolution
		HideSolutionNode = FALSE
	EndGlobalSection
EndGlobal
