
Microsoft Visual Studio Solution File, Format Version 11.00
# Visual C++ Express 2010
Project("{8BC9CEB8-8B4A-11D0-8D11-00A0C91BC942}") = "Engine", "Engine\Engine.vcxproj", "{D799C22F-9898-4977-9231-C66DA71FF22E}"
EndProject
Project("{8BC9CEB8-8B4A-11D0-8D11-00A0C91BC942}") = "DataCompiler", "DataCompiler\DataCompiler.vcxproj", "{14F1BE2C-FE43-4602-BE7C-31DF8247F8DD}"
EndProject
Project("{8BC9CEB8-8B4A-11D0-8D11-00A0C91BC942}") = "HavokConverter", "HavokConverter\HavokConverter.vcxproj", "{88BF6DD4-C52F-405E-BDC2-6A6AF098E542}"
EndProject
Project("{8BC9CEB8-8B4A-11D0-8D11-00A0C91BC942}") = "Game", "Game\Game.vcxproj", "{8B87F836-84A4-4442-98E4-D2B17590F3D4}"
EndProject
Global
	GlobalSection(SolutionConfigurationPlatforms) = preSolution
		Debug|Mixed Platforms = Debug|Mixed Platforms
		Debug|Win32 = Debug|Win32
		Debug|x86 = Debug|x86
		Release|Mixed Platforms = Release|Mixed Platforms
		Release|Win32 = Release|Win32
		Release|x86 = Release|x86
	EndGlobalSection
	GlobalSection(ProjectConfigurationPlatforms) = postSolution
		{D799C22F-9898-4977-9231-C66DA71FF22E}.Debug|Mixed Platforms.ActiveCfg = Debug|Win32
		{D799C22F-9898-4977-9231-C66DA71FF22E}.Debug|Mixed Platforms.Build.0 = Debug|Win32
		{D799C22F-9898-4977-9231-C66DA71FF22E}.Debug|Win32.ActiveCfg = Debug|Win32
		{D799C22F-9898-4977-9231-C66DA71FF22E}.Debug|Win32.Build.0 = Debug|Win32
		{D799C22F-9898-4977-9231-C66DA71FF22E}.Debug|x86.ActiveCfg = Debug|Win32
		{D799C22F-9898-4977-9231-C66DA71FF22E}.Release|Mixed Platforms.ActiveCfg = Release|Win32
		{D799C22F-9898-4977-9231-C66DA71FF22E}.Release|Mixed Platforms.Build.0 = Release|Win32
		{D799C22F-9898-4977-9231-C66DA71FF22E}.Release|Win32.ActiveCfg = Release|Win32
		{D799C22F-9898-4977-9231-C66DA71FF22E}.Release|Win32.Build.0 = Release|Win32
		{D799C22F-9898-4977-9231-C66DA71FF22E}.Release|x86.ActiveCfg = Release|Win32
		{14F1BE2C-FE43-4602-BE7C-31DF8247F8DD}.Debug|Mixed Platforms.ActiveCfg = Debug|Win32
		{14F1BE2C-FE43-4602-BE7C-31DF8247F8DD}.Debug|Mixed Platforms.Build.0 = Debug|Win32
		{14F1BE2C-FE43-4602-BE7C-31DF8247F8DD}.Debug|Win32.ActiveCfg = Debug|Win32
		{14F1BE2C-FE43-4602-BE7C-31DF8247F8DD}.Debug|Win32.Build.0 = Debug|Win32
		{14F1BE2C-FE43-4602-BE7C-31DF8247F8DD}.Debug|x86.ActiveCfg = Debug|Win32
		{14F1BE2C-FE43-4602-BE7C-31DF8247F8DD}.Release|Mixed Platforms.ActiveCfg = Release|Win32
		{14F1BE2C-FE43-4602-BE7C-31DF8247F8DD}.Release|Mixed Platforms.Build.0 = Release|Win32
		{14F1BE2C-FE43-4602-BE7C-31DF8247F8DD}.Release|Win32.ActiveCfg = Release|Win32
		{14F1BE2C-FE43-4602-BE7C-31DF8247F8DD}.Release|Win32.Build.0 = Release|Win32
		{14F1BE2C-FE43-4602-BE7C-31DF8247F8DD}.Release|x86.ActiveCfg = Release|Win32
		{88BF6DD4-C52F-405E-BDC2-6A6AF098E542}.Debug|Mixed Platforms.ActiveCfg = Debug|Win32
		{88BF6DD4-C52F-405E-BDC2-6A6AF098E542}.Debug|Mixed Platforms.Build.0 = Debug|Win32
		{88BF6DD4-C52F-405E-BDC2-6A6AF098E542}.Debug|Win32.ActiveCfg = Debug|Win32
		{88BF6DD4-C52F-405E-BDC2-6A6AF098E542}.Debug|Win32.Build.0 = Debug|Win32
		{88BF6DD4-C52F-405E-BDC2-6A6AF098E542}.Debug|x86.ActiveCfg = Debug|Win32
		{88BF6DD4-C52F-405E-BDC2-6A6AF098E542}.Release|Mixed Platforms.ActiveCfg = Release|Win32
		{88BF6DD4-C52F-405E-BDC2-6A6AF098E542}.Release|Mixed Platforms.Build.0 = Release|Win32
		{88BF6DD4-C52F-405E-BDC2-6A6AF098E542}.Release|Win32.ActiveCfg = Release|Win32
		{88BF6DD4-C52F-405E-BDC2-6A6AF098E542}.Release|Win32.Build.0 = Release|Win32
		{88BF6DD4-C52F-405E-BDC2-6A6AF098E542}.Release|x86.ActiveCfg = Release|Win32
		{8B87F836-84A4-4442-98E4-D2B17590F3D4}.Debug|Mixed Platforms.ActiveCfg = Debug|Win32
		{8B87F836-84A4-4442-98E4-D2B17590F3D4}.Debug|Mixed Platforms.Build.0 = Debug|Win32
		{8B87F836-84A4-4442-98E4-D2B17590F3D4}.Debug|Win32.ActiveCfg = Debug|Win32
		{8B87F836-84A4-4442-98E4-D2B17590F3D4}.Debug|Win32.Build.0 = Debug|Win32
		{8B87F836-84A4-4442-98E4-D2B17590F3D4}.Debug|x86.ActiveCfg = Debug|Win32
		{8B87F836-84A4-4442-98E4-D2B17590F3D4}.Release|Mixed Platforms.ActiveCfg = Release|Win32
		{8B87F836-84A4-4442-98E4-D2B17590F3D4}.Release|Mixed Platforms.Build.0 = Release|Win32
		{8B87F836-84A4-4442-98E4-D2B17590F3D4}.Release|Win32.ActiveCfg = Release|Win32
		{8B87F836-84A4-4442-98E4-D2B17590F3D4}.Release|Win32.Build.0 = Release|Win32
		{8B87F836-84A4-4442-98E4-D2B17590F3D4}.Release|x86.ActiveCfg = Release|Win32
	EndGlobalSection
	GlobalSection(SolutionProperties) = preSolution
		HideSolutionNode = FALSE
	EndGlobalSection
EndGlobal
