<?xml version="1.0" encoding="utf-8"?>
<Project ToolsVersion="4.0" xmlns="http://schemas.microsoft.com/developer/msbuild/2003">
  <ItemGroup>
    <Filter Include="converters">
      <UniqueIdentifier>{81a0d773-5612-4fce-8571-5458d90903c6}</UniqueIdentifier>
    </Filter>
    <Filter Include="util">
      <UniqueIdentifier>{512213fb-9c12-41e8-b2d1-d0e9cbfee20d}</UniqueIdentifier>
    </Filter>
  </ItemGroup>
  <ItemGroup>
    <ClInclude Include="AnimRigConverter.h">
      <Filter>converters</Filter>
    </ClInclude>
    <ClInclude Include="CharacterConverter.h">
      <Filter>converters</Filter>
    </ClInclude>
    <ClInclude Include="ComponentConverter.h">
      <Filter>converters</Filter>
    </ClInclude>
    <ClInclude Include="EntityConverter.h">
      <Filter>converters</Filter>
    </ClInclude>
    <ClInclude Include="LightConverter.h">
      <Filter>converters</Filter>
    </ClInclude>
    <ClInclude Include="MaterialConverter.h">
      <Filter>converters</Filter>
    </ClInclude>
    <ClInclude Include="MeshConverter.h">
      <Filter>converters</Filter>
    </ClInclude>
    <ClInclude Include="ModelConverter.h">
      <Filter>converters</Filter>
    </ClInclude>
    <ClInclude Include="PhysicsConverter.h">
      <Filter>converters</Filter>
    </ClInclude>
    <ClInclude Include="StaticModelConverter.h">
      <Filter>converters</Filter>
    </ClInclude>
    <ClInclude Include="bounds.h">
      <Filter>util</Filter>
    </ClInclude>
    <ClInclude Include="forsythtriangleorderoptimizer.h">
      <Filter>util</Filter>
    </ClInclude>
    <ClInclude Include="jsonxx.h">
      <Filter>util</Filter>
    </ClInclude>
    <ClInclude Include="SharedInc.h" />
    <ClInclude Include="stdafx.h" />
    <ClInclude Include="..\Shared\CommonUtils.h">
      <Filter>util</Filter>
    </ClInclude>
    <ClInclude Include="SamplerConverter.h">
      <Filter>converters</Filter>
    </ClInclude>
    <ClInclude Include="HC_Utils.h">
      <Filter>util</Filter>
    </ClInclude>
    <ClInclude Include="LevelConverter.h">
      <Filter>converters</Filter>
    </ClInclude>
  </ItemGroup>
  <ItemGroup>
    <ClCompile Include="StaticModelConverter.cpp">
      <Filter>converters</Filter>
    </ClCompile>
    <ClCompile Include="PhysicsConverter.cpp">
      <Filter>converters</Filter>
    </ClCompile>
    <ClCompile Include="ModelConverter.cpp">
      <Filter>converters</Filter>
    </ClCompile>
    <ClCompile Include="MeshConverter.cpp">
      <Filter>converters</Filter>
    </ClCompile>
    <ClCompile Include="MaterialConverter.cpp">
      <Filter>converters</Filter>
    </ClCompile>
    <ClCompile Include="LightConverter.cpp">
      <Filter>converters</Filter>
    </ClCompile>
    <ClCompile Include="forsythtriangleorderoptimizer.cpp">
      <Filter>converters</Filter>
    </ClCompile>
    <ClCompile Include="EntityConverter.cpp">
      <Filter>converters</Filter>
    </ClCompile>
    <ClCompile Include="ComponentConverter.cpp">
      <Filter>converters</Filter>
    </ClCompile>
    <ClCompile Include="CharacterConverter.cpp">
      <Filter>converters</Filter>
    </ClCompile>
    <ClCompile Include="AnimRigConverter.cpp">
      <Filter>converters</Filter>
    </ClCompile>
    <ClCompile Include="bounds.cpp">
      <Filter>util</Filter>
    </ClCompile>
    <ClCompile Include="jsonxx.cc">
      <Filter>util</Filter>
    </ClCompile>
    <ClCompile Include="HavokConverter.cpp" />
    <ClCompile Include="stdafx.cpp" />
    <ClCompile Include="..\Shared\CommonUtils.cpp">
      <Filter>util</Filter>
    </ClCompile>
    <ClCompile Include="SamplerConverter.cpp">
      <Filter>converters</Filter>
    </ClCompile>
    <ClCompile Include="HC_Utils.cpp">
      <Filter>util</Filter>
    </ClCompile>
    <ClCompile Include="LevelConverter.cpp">
      <Filter>converters</Filter>
    </ClCompile>
  </ItemGroup>
  <ItemGroup>
    <None Include="path.cfg" />
  </ItemGroup>
</Project>